// !$*UTF8*$!
{
	archiveVersion = 1;
	classes = {
	};
	objectVersion = 46;
	objects = {

/* Begin PBXBuildFile section */
		55A2CF2A1DE36EF10024C82F /* AppDelegate.swift in Sources */ = {isa = PBXBuildFile; fileRef = 55A2CF291DE36EF10024C82F /* AppDelegate.swift */; };
		55A2CF2C1DE36EF10024C82F /* ViewController.swift in Sources */ = {isa = PBXBuildFile; fileRef = 55A2CF2B1DE36EF10024C82F /* ViewController.swift */; };
		55A2CF2F1DE36EF10024C82F /* Main.storyboard in Resources */ = {isa = PBXBuildFile; fileRef = 55A2CF2D1DE36EF10024C82F /* Main.storyboard */; };
		55A2CF311DE36EF10024C82F /* Assets.xcassets in Resources */ = {isa = PBXBuildFile; fileRef = 55A2CF301DE36EF10024C82F /* Assets.xcassets */; };
		55A2CF341DE36EF10024C82F /* LaunchScreen.storyboard in Resources */ = {isa = PBXBuildFile; fileRef = 55A2CF321DE36EF10024C82F /* LaunchScreen.storyboard */; };
		55D283FF1DE653A700EF5B0A /* loginViewController.swift in Sources */ = {isa = PBXBuildFile; fileRef = 55D283FE1DE653A700EF5B0A /* loginViewController.swift */; };
		55D284011DE66EBF00EF5B0A /* taskViewController.swift in Sources */ = {isa = PBXBuildFile; fileRef = 55D284001DE66EBF00EF5B0A /* taskViewController.swift */; };
/* End PBXBuildFile section */

/* Begin PBXFileReference section */
		55A2CF261DE36EF10024C82F /* petTracker.app */ = {isa = PBXFileReference; explicitFileType = wrapper.application; includeInIndex = 0; path = petTracker.app; sourceTree = BUILT_PRODUCTS_DIR; };
		55A2CF291DE36EF10024C82F /* AppDelegate.swift */ = {isa = PBXFileReference; lastKnownFileType = sourcecode.swift; path = AppDelegate.swift; sourceTree = "<group>"; };
		55A2CF2B1DE36EF10024C82F /* ViewController.swift */ = {isa = PBXFileReference; lastKnownFileType = sourcecode.swift; path = ViewController.swift; sourceTree = "<group>"; };
		55A2CF2E1DE36EF10024C82F /* Base */ = {isa = PBXFileReference; lastKnownFileType = file.storyboard; name = Base; path = Base.lproj/Main.storyboard; sourceTree = "<group>"; };
		55A2CF301DE36EF10024C82F /* Assets.xcassets */ = {isa = PBXFileReference; lastKnownFileType = folder.assetcatalog; path = Assets.xcassets; sourceTree = "<group>"; };
		55A2CF331DE36EF10024C82F /* Base */ = {isa = PBXFileReference; lastKnownFileType = file.storyboard; name = Base; path = Base.lproj/LaunchScreen.storyboard; sourceTree = "<group>"; };
		55A2CF351DE36EF10024C82F /* Info.plist */ = {isa = PBXFileReference; lastKnownFileType = text.plist.xml; path = Info.plist; sourceTree = "<group>"; };
		55D283FE1DE653A700EF5B0A /* loginViewController.swift */ = {isa = PBXFileReference; fileEncoding = 4; lastKnownFileType = sourcecode.swift; path = loginViewController.swift; sourceTree = "<group>"; };
		55D284001DE66EBF00EF5B0A /* taskViewController.swift */ = {isa = PBXFileReference; fileEncoding = 4; lastKnownFileType = sourcecode.swift; path = taskViewController.swift; sourceTree = "<group>"; };
/* End PBXFileReference section */

/* Begin PBXFrameworksBuildPhase section */
		55A2CF231DE36EF10024C82F /* Frameworks */ = {
			isa = PBXFrameworksBuildPhase;
			buildActionMask = 2147483647;
			files = (
			);
			runOnlyForDeploymentPostprocessing = 0;
		};
/* End PBXFrameworksBuildPhase section */

/* Begin PBXGroup section */
		55A2CF1D1DE36EF10024C82F = {
			isa = PBXGroup;
			children = (
				55A2CF281DE36EF10024C82F /* petTracker */,
				55A2CF271DE36EF10024C82F /* Products */,
			);
			sourceTree = "<group>";
		};
		55A2CF271DE36EF10024C82F /* Products */ = {
			isa = PBXGroup;
			children = (
				55A2CF261DE36EF10024C82F /* petTracker.app */,
			);
			name = Products;
			sourceTree = "<group>";
		};
		55A2CF281DE36EF10024C82F /* petTracker */ = {
			isa = PBXGroup;
			children = (
				55A2CF291DE36EF10024C82F /* AppDelegate.swift */,
				55A2CF2B1DE36EF10024C82F /* ViewController.swift */,
				55A2CF2D1DE36EF10024C82F /* Main.storyboard */,
				55A2CF301DE36EF10024C82F /* Assets.xcassets */,
				55A2CF321DE36EF10024C82F /* LaunchScreen.storyboard */,
				55A2CF351DE36EF10024C82F /* Info.plist */,
				55D283FE1DE653A700EF5B0A /* loginViewController.swift */,
				55D284001DE66EBF00EF5B0A /* taskViewController.swift */,
			);
			path = petTracker;
			sourceTree = "<group>";
		};
/* End PBXGroup section */

/* Begin PBXNativeTarget section */
		55A2CF251DE36EF10024C82F /* petTracker */ = {
			isa = PBXNativeTarget;
			buildConfigurationList = 55A2CF381DE36EF10024C82F /* Build configuration list for PBXNativeTarget "petTracker" */;
			buildPhases = (
				55A2CF221DE36EF10024C82F /* Sources */,
				55A2CF231DE36EF10024C82F /* Frameworks */,
				55A2CF241DE36EF10024C82F /* Resources */,
			);
			buildRules = (
			);
			dependencies = (
			);
			name = petTracker;
			productName = petTracker;
			productReference = 55A2CF261DE36EF10024C82F /* petTracker.app */;
			productType = "com.apple.product-type.application";
		};
/* End PBXNativeTarget section */

/* Begin PBXProject section */
		55A2CF1E1DE36EF10024C82F /* Project object */ = {
			isa = PBXProject;
			attributes = {
				LastSwiftUpdateCheck = 0730;
				LastUpgradeCheck = 0730;
				ORGANIZATIONNAME = CSUMB;
				TargetAttributes = {
					55A2CF251DE36EF10024C82F = {
						CreatedOnToolsVersion = 7.3.1;
					};
				};
			};
			buildConfigurationList = 55A2CF211DE36EF10024C82F /* Build configuration list for PBXProject "petTracker" */;
			compatibilityVersion = "Xcode 3.2";
			developmentRegion = English;
			hasScannedForEncodings = 0;
			knownRegions = (
				en,
				Base,
			);
			mainGroup = 55A2CF1D1DE36EF10024C82F;
			productRefGroup = 55A2CF271DE36EF10024C82F /* Products */;
			projectDirPath = "";
			projectRoot = "";
			targets = (
				55A2CF251DE36EF10024C82F /* petTracker */,
			);
		};
/* End PBXProject section */

/* Begin PBXResourcesBuildPhase section */
		55A2CF241DE36EF10024C82F /* Resources */ = {
			isa = PBXResourcesBuildPhase;
			buildActionMask = 2147483647;
			files = (
				55A2CF341DE36EF10024C82F /* LaunchScreen.storyboard in Resources */,
				55A2CF311DE36EF10024C82F /* Assets.xcassets in Resources */,
				55A2CF2F1DE36EF10024C82F /* Main.storyboard in Resources */,
			);
			runOnlyForDeploymentPostprocessing = 0;
		};
/* End PBXResourcesBuildPhase section */

/* Begin PBXSourcesBuildPhase section */
		55A2CF221DE36EF10024C82F /* Sources */ = {
			isa = PBXSourcesBuildPhase;
			buildActionMask = 2147483647;
			files = (
				55A2CF2C1DE36EF10024C82F /* ViewController.swift in Sources */,
				55D284011DE66EBF00EF5B0A /* taskViewController.swift in Sources */,
				55A2CF2A1DE36EF10024C82F /* AppDelegate.swift in Sources */,
				55D283FF1DE653A700EF5B0A /* loginViewController.swift in Sources */,
			);
			runOnlyForDeploymentPostprocessing = 0;
		};
/* End PBXSourcesBuildPhase section */

/* Begin PBXVariantGroup section */
		55A2CF2D1DE36EF10024C82F /* Main.storyboard */ = {
			isa = PBXVariantGroup;
			children = (
				55A2CF2E1DE36EF10024C82F /* Base */,
			);
			name = Main.storyboard;
			sourceTree = "<group>";
		};
		55A2CF321DE36EF10024C82F /* LaunchScreen.storyboard */ = {
			isa = PBXVariantGroup;
			children = (
				55A2CF331DE36EF10024C82F /* Base */,
			);
			name = LaunchScreen.storyboard;
			sourceTree = "<group>";
		};
/* End PBXVariantGroup section */

/* Begin XCBuildConfiguration section */
		55A2CF361DE36EF10024C82F /* Debug */ = {
			isa = XCBuildConfiguration;
			buildSettings = {
				ALWAYS_SEARCH_USER_PATHS = NO;
				CLANG_ANALYZER_NONNULL = YES;
				CLANG_CXX_LANGUAGE_STANDARD = "gnu++0x";
				CLANG_CXX_LIBRARY = "libc++";
				CLANG_ENABLE_MODULES = YES;
				CLANG_ENABLE_OBJC_ARC = YES;
				CLANG_WARN_BOOL_CONVERSION = YES;
				CLANG_WARN_CONSTANT_CONVERSION = YES;
				CLANG_WARN_DIRECT_OBJC_ISA_USAGE = YES_ERROR;
				CLANG_WARN_EMPTY_BODY = YES;
				CLANG_WARN_ENUM_CONVERSION = YES;
				CLANG_WARN_INT_CONVERSION = YES;
				CLANG_WARN_OBJC_ROOT_CLASS = YES_ERROR;
				CLANG_WARN_UNREACHABLE_CODE = YES;
				CLANG_WARN__DUPLICATE_METHOD_MATCH = YES;
				"CODE_SIGN_IDENTITY[sdk=iphoneos*]" = "iPhone Developer";
				COPY_PHASE_STRIP = NO;
				DEBUG_INFORMATION_FORMAT = dwarf;
				ENABLE_STRICT_OBJC_MSGSEND = YES;
				ENABLE_TESTABILITY = YES;
				GCC_C_LANGUAGE_STANDARD = gnu99;
				GCC_DYNAMIC_NO_PIC = NO;
				GCC_NO_COMMON_BLOCKS = YES;
				GCC_OPTIMIZATION_LEVEL = 0;
				GCC_PREPROCESSOR_DEFINITIONS = (
					"DEBUG=1",
					"$(inherited)",
				);
				GCC_WARN_64_TO_32_BIT_CONVERSION = YES;
				GCC_WARN_ABOUT_RETURN_TYPE = YES_ERROR;
				GCC_WARN_UNDECLARED_SELECTOR = YES;
				GCC_WARN_UNINITIALIZED_AUTOS = YES_AGGRESSIVE;
				GCC_WARN_UNUSED_FUNCTION = YES;
				GCC_WARN_UNUSED_VARIABLE = YES;
				IPHONEOS_DEPLOYMENT_TARGET = 9.3;
				MTL_ENABLE_DEBUG_INFO = YES;
				ONLY_ACTIVE_ARCH = YES;
				SDKROOT = iphoneos;
				SWIFT_OPTIMIZATION_LEVEL = "-Onone";
				TARGETED_DEVICE_FAMILY = "1,2";
			};
			name = Debug;
		};
		55A2CF371DE36EF10024C82F /* Release */ = {
			isa = XCBuildConfiguration;
			buildSettings = {
				ALWAYS_SEARCH_USER_PATHS = NO;
				CLANG_ANALYZER_NONNULL = YES;
				CLANG_CXX_LANGUAGE_STANDARD = "gnu++0x";
				CLANG_CXX_LIBRARY = "libc++";
				CLANG_ENABLE_MODULES = YES;
				CLANG_ENABLE_OBJC_ARC = YES;
				CLANG_WARN_BOOL_CONVERSION = YES;
				CLANG_WARN_CONSTANT_CONVERSION = YES;
				CLANG_WARN_DIRECT_OBJC_ISA_USAGE = YES_ERROR;
				CLANG_WARN_EMPTY_BODY = YES;
				CLANG_WARN_ENUM_CONVERSION = YES;
				CLANG_WARN_INT_CONVERSION = YES;
				CLANG_WARN_OBJC_ROOT_CLASS = YES_ERROR;
				CLANG_WARN_UNREACHABLE_CODE = YES;
				CLANG_WARN__DUPLICATE_METHOD_MATCH = YES;
				"CODE_SIGN_IDENTITY[sdk=iphoneos*]" = "iPhone Developer";
				COPY_PHASE_STRIP = NO;
				DEBUG_INFORMATION_FORMAT = "dwarf-with-dsym";
				ENABLE_NS_ASSERTIONS = NO;
				ENABLE_STRICT_OBJC_MSGSEND = YES;
				GCC_C_LANGUAGE_STANDARD = gnu99;
				GCC_NO_COMMON_BLOCKS = YES;
				GCC_WARN_64_TO_32_BIT_CONVERSION = YES;
				GCC_WARN_ABOUT_RETURN_TYPE = YES_ERROR;
				GCC_WARN_UNDECLARED_SELECTOR = YES;
				GCC_WARN_UNINITIALIZED_AUTOS = YES_AGGRESSIVE;
				GCC_WARN_UNUSED_FUNCTION = YES;
				GCC_WARN_UNUSED_VARIABLE = YES;
				IPHONEOS_DEPLOYMENT_TARGET = 9.3;
				MTL_ENABLE_DEBUG_INFO = NO;
				SDKROOT = iphoneos;
				TARGETED_DEVICE_FAMILY = "1,2";
				VALIDATE_PRODUCT = YES;
			};
			name = Release;
		};
		55A2CF391DE36EF10024C82F /* Debug */ = {
			isa = XCBuildConfiguration;
			buildSettings = {
				ASSETCATALOG_COMPILER_APPICON_NAME = AppIcon;
				INFOPLIST_FILE = petTracker/Info.plist;
				LD_RUNPATH_SEARCH_PATHS = "$(inherited) @executable_path/Frameworks";
				PRODUCT_BUNDLE_IDENTIFIER = edu.csumb.pettracker.petTracker;
				PRODUCT_NAME = "$(TARGET_NAME)";
			};
			name = Debug;
		};
		55A2CF3A1DE36EF10024C82F /* Release */ = {
			isa = XCBuildConfiguration;
			buildSettings = {
				ASSETCATALOG_COMPILER_APPICON_NAME = AppIcon;
				INFOPLIST_FILE = petTracker/Info.plist;
				LD_RUNPATH_SEARCH_PATHS = "$(inherited) @executable_path/Frameworks";
				PRODUCT_BUNDLE_IDENTIFIER = edu.csumb.pettracker.petTracker;
				PRODUCT_NAME = "$(TARGET_NAME)";
			};
			name = Release;
		};
/* End XCBuildConfiguration section */

/* Begin XCConfigurationList section */
		55A2CF211DE36EF10024C82F /* Build configuration list for PBXProject "petTracker" */ = {
			isa = XCConfigurationList;
			buildConfigurations = (
				55A2CF361DE36EF10024C82F /* Debug */,
				55A2CF371DE36EF10024C82F /* Release */,
			);
			defaultConfigurationIsVisible = 0;
			defaultConfigurationName = Release;
		};
		55A2CF381DE36EF10024C82F /* Build configuration list for PBXNativeTarget "petTracker" */ = {
			isa = XCConfigurationList;
			buildConfigurations = (
				55A2CF391DE36EF10024C82F /* Debug */,
				55A2CF3A1DE36EF10024C82F /* Release */,
			);
			defaultConfigurationIsVisible = 0;
			defaultConfigurationName = Release;
		};
/* End XCConfigurationList section */
	};
	rootObject = 55A2CF1E1DE36EF10024C82F /* Project object */;
}
